
Microsoft Visual Studio Solution File, Format Version 12.00
# Visual Studio Version 16
VisualStudioVersion = 16.0.30621.155
MinimumVisualStudioVersion = 10.0.40219.1
Project("{FAE04EC0-301F-11D3-BF4B-00C04F79EFBC}") = "GelirGiderUygulaması", "GelirGiderUygulaması\GelirGiderUygulaması.csproj", "{93EB9D11-3FAC-4297-B461-E6FB856A5B66}"
EndProject
Global
	GlobalSection(SolutionConfigurationPlatforms) = preSolution
		Debug|Any CPU = Debug|Any CPU
		Release|Any CPU = Release|Any CPU
	EndGlobalSection
	GlobalSection(ProjectConfigurationPlatforms) = postSolution
		{93EB9D11-3FAC-4297-B461-E6FB856A5B66}.Debug|Any CPU.ActiveCfg = Debug|Any CPU
		{93EB9D11-3FAC-4297-B461-E6FB856A5B66}.Debug|Any CPU.Build.0 = Debug|Any CPU
		{93EB9D11-3FAC-4297-B461-E6FB856A5B66}.Release|Any CPU.ActiveCfg = Release|Any CPU
		{93EB9D11-3FAC-4297-B461-E6FB856A5B66}.Release|Any CPU.Build.0 = Release|Any CPU
	EndGlobalSection
	GlobalSection(SolutionProperties) = preSolution
		HideSolutionNode = FALSE
	EndGlobalSection
	GlobalSection(ExtensibilityGlobals) = postSolution
		SolutionGuid = {B68D32D0-E369-4CAC-824E-F86B48C5629F}
	EndGlobalSection
EndGlobal
